
Microsoft Visual Studio Solution File, Format Version 12.00
# Visual Studio Version 16
VisualStudioVersion = 16.0.28922.388
MinimumVisualStudioVersion = 10.0.40219.1
Project("{FAE04EC0-301F-11D3-BF4B-00C04F79EFBC}") = "WebApplicationReactJS", "WebApplicationReactJS.csproj", "{C7879389-6D58-45C4-9115-C63FDD278102}"
EndProject
Global
	GlobalSection(SolutionConfigurationPlatforms) = preSolution
		Debug|Any CPU = Debug|Any CPU
		Release|Any CPU = Release|Any CPU
	EndGlobalSection
	GlobalSection(ProjectConfigurationPlatforms) = postSolution
		{C7879389-6D58-45C4-9115-C63FDD278102}.Debug|Any CPU.ActiveCfg = Debug|Any CPU
		{C7879389-6D58-45C4-9115-C63FDD278102}.Debug|Any CPU.Build.0 = Debug|Any CPU
		{C7879389-6D58-45C4-9115-C63FDD278102}.Release|Any CPU.ActiveCfg = Release|Any CPU
		{C7879389-6D58-45C4-9115-C63FDD278102}.Release|Any CPU.Build.0 = Release|Any CPU
	EndGlobalSection
	GlobalSection(SolutionProperties) = preSolution
		HideSolutionNode = FALSE
	EndGlobalSection
	GlobalSection(ExtensibilityGlobals) = postSolution
		SolutionGuid = {37AED528-31D2-48D8-9065-A33CF1E6995A}
	EndGlobalSection
EndGlobal
